
Microsoft Visual Studio Solution File, Format Version 12.00
# Visual Studio Version 17
VisualStudioVersion = 17.5.002.0
MinimumVisualStudioVersion = 10.0.40219.1
Project("{2150E333-8FDC-42A3-9474-1A3956D46DE8}") = "csharp-arrays_lists_dictionaries", "csharp-arrays_lists_dictionaries", "{19D2611E-AA62-43BA-8CC5-9C4616299F88}"
EndProject
Project("{9A19103F-16F7-4668-BE54-9A1E7A4F7556}") = "0-print_array", "csharp-arrays_lists_dictionaries\0-print_array\0-print_array.csproj", "{9C5594E2-F1A8-4579-A503-33E3FD8905E3}"
EndProject
Project("{9A19103F-16F7-4668-BE54-9A1E7A4F7556}") = "1-element_at", "csharp-arrays_lists_dictionaries\1-element_at\1-element_at.csproj", "{D55C069B-DFB8-468C-819D-953274EDBB5C}"
EndProject
Project("{9A19103F-16F7-4668-BE54-9A1E7A4F7556}") = "10-delete_key_value", "csharp-arrays_lists_dictionaries\10-delete_key_value\10-delete_key_value.csproj", "{C3D61EA1-81A1-4C39-BD31-9BD5CD4ABCE0}"
EndProject
Project("{9A19103F-16F7-4668-BE54-9A1E7A4F7556}") = "11-multiply_by_2", "csharp-arrays_lists_dictionaries\11-multiply_by_2\11-multiply_by_2.csproj", "{F05B68AB-89C9-4F3C-8B07-A035F9E909E0}"
EndProject
Project("{9A19103F-16F7-4668-BE54-9A1E7A4F7556}") = "12-print_sorted_dictionary", "csharp-arrays_lists_dictionaries\12-print_sorted_dictionary\12-print_sorted_dictionary.csproj", "{C5B3C667-25CC-4C83-A2E8-40595CE25A94}"
EndProject
Project("{9A19103F-16F7-4668-BE54-9A1E7A4F7556}") = "13-best_score", "csharp-arrays_lists_dictionaries\13-best_score\13-best_score.csproj", "{75E27F65-87CB-4110-9372-55570012174B}"
EndProject
Project("{9A19103F-16F7-4668-BE54-9A1E7A4F7556}") = "14-rectangular_array", "csharp-arrays_lists_dictionaries\14-rectangular_array\14-rectangular_array.csproj", "{A24C0135-B66C-4A16-8EA6-C60B26BE8408}"
EndProject
Project("{9A19103F-16F7-4668-BE54-9A1E7A4F7556}") = "15-square_matrix", "csharp-arrays_lists_dictionaries\15-square_matrix\15-square_matrix.csproj", "{1B120EEA-1EC1-4040-B65B-C86EDAFE6946}"
EndProject
Project("{9A19103F-16F7-4668-BE54-9A1E7A4F7556}") = "2-replace_element", "csharp-arrays_lists_dictionaries\2-replace_element\2-replace_element.csproj", "{7C42880A-4C7B-4821-9E65-7D0394BAC54C}"
EndProject
Project("{9A19103F-16F7-4668-BE54-9A1E7A4F7556}") = "3-print_array_reverse", "csharp-arrays_lists_dictionaries\3-print_array_reverse\3-print_array_reverse.csproj", "{1B8F2935-0B82-41AB-9288-F491721DE244}"
EndProject
Project("{9A19103F-16F7-4668-BE54-9A1E7A4F7556}") = "4-print_list", "csharp-arrays_lists_dictionaries\4-print_list\4-print_list.csproj", "{5EC937DC-EF9E-43D3-A8F1-D5BDB29D888C}"
EndProject
Project("{9A19103F-16F7-4668-BE54-9A1E7A4F7556}") = "5-max_integer", "csharp-arrays_lists_dictionaries\5-max_integer\5-max_integer.csproj", "{DA6B2A06-4F79-4D55-987A-0CB03059B0E4}"
EndProject
Project("{9A19103F-16F7-4668-BE54-9A1E7A4F7556}") = "6-divisible_by_2", "csharp-arrays_lists_dictionaries\6-divisible_by_2\6-divisible_by_2.csproj", "{32E2E87C-7825-4320-8334-4A28C140A0D9}"
EndProject
Project("{9A19103F-16F7-4668-BE54-9A1E7A4F7556}") = "7-delete_at", "csharp-arrays_lists_dictionaries\7-delete_at\7-delete_at.csproj", "{1ADB6375-5786-4D7A-B43E-C6A5335A1E7B}"
EndProject
Project("{9A19103F-16F7-4668-BE54-9A1E7A4F7556}") = "8-number_keys", "csharp-arrays_lists_dictionaries\8-number_keys\8-number_keys.csproj", "{C4C4B516-59AB-46DC-A04A-E8EAA5130761}"
EndProject
Project("{9A19103F-16F7-4668-BE54-9A1E7A4F7556}") = "9-add_key_value", "csharp-arrays_lists_dictionaries\9-add_key_value\9-add_key_value.csproj", "{4D9D4BB0-CD15-4120-BE72-F635492A9CC3}"
EndProject
Project("{2150E333-8FDC-42A3-9474-1A3956D46DE8}") = "csharp-classes", "csharp-classes", "{2E0C547D-A699-48BF-B49F-F61A671CA445}"
EndProject
Project("{9A19103F-16F7-4668-BE54-9A1E7A4F7556}") = "0-enemy", "csharp-classes\0-enemy\0-enemy.csproj", "{8A1DF4DB-01F2-4772-93FC-668C680BE04D}"
EndProject
Project("{9A19103F-16F7-4668-BE54-9A1E7A4F7556}") = "1-enemy", "csharp-classes\1-enemy\1-enemy.csproj", "{B1D298FC-AE08-4BC1-AAB1-FB9F2C627F8A}"
EndProject
Project("{9A19103F-16F7-4668-BE54-9A1E7A4F7556}") = "2-enemy", "csharp-classes\2-enemy\2-enemy.csproj", "{D394C91F-F6B3-4C6F-BCA2-3A67B2D90387}"
EndProject
Project("{9A19103F-16F7-4668-BE54-9A1E7A4F7556}") = "3-enemy", "csharp-classes\3-enemy\3-enemy.csproj", "{BEB0DDBA-BD9C-4674-A9F6-1D54E00A5EF3}"
EndProject
Project("{9A19103F-16F7-4668-BE54-9A1E7A4F7556}") = "4-enemy", "csharp-classes\4-enemy\4-enemy.csproj", "{98FDD7D2-AAA3-4235-A2D2-12DF8E763BB5}"
EndProject
Project("{9A19103F-16F7-4668-BE54-9A1E7A4F7556}") = "5-enemy", "csharp-classes\5-enemy\5-enemy.csproj", "{CE39FAA0-F00F-41C0-9F79-F8F15A584EA6}"
EndProject
Project("{2150E333-8FDC-42A3-9474-1A3956D46DE8}") = "csharp-exceptions", "csharp-exceptions", "{CE1C6046-255B-4897-9D64-2F93365F6A03}"
EndProject
Project("{9A19103F-16F7-4668-BE54-9A1E7A4F7556}") = "0-safe_list_print", "csharp-exceptions\0-safe_list_print\0-safe_list_print.csproj", "{ED77C920-FA49-4066-A69B-0501DAD789E2}"
EndProject
Project("{9A19103F-16F7-4668-BE54-9A1E7A4F7556}") = "1-divide_print", "csharp-exceptions\1-divide_print\1-divide_print.csproj", "{DFBB54B8-33DC-4855-929B-C7C66619F646}"
EndProject
Project("{9A19103F-16F7-4668-BE54-9A1E7A4F7556}") = "2-divide_lists", "csharp-exceptions\2-divide_lists\2-divide_lists.csproj", "{3B252E71-6D91-44BD-AF26-0FE87F023448}"
EndProject
Project("{9A19103F-16F7-4668-BE54-9A1E7A4F7556}") = "3-throw_exception", "csharp-exceptions\3-throw_exception\3-throw_exception.csproj", "{B495C932-B47D-434E-819C-2574FAC1116F}"
EndProject
Project("{9A19103F-16F7-4668-BE54-9A1E7A4F7556}") = "4-throw_exception_msg", "csharp-exceptions\4-throw_exception_msg\4-throw_exception_msg.csproj", "{BA5809FF-A56C-4893-988D-44DA021C6FCD}"
EndProject
Project("{2150E333-8FDC-42A3-9474-1A3956D46DE8}") = "csharp-hashset_stack_queue_linkedlist", "csharp-hashset_stack_queue_linkedlist", "{CDD4213A-384D-44ED-AD5A-D97783D6B40D}"
EndProject
Project("{9A19103F-16F7-4668-BE54-9A1E7A4F7556}") = "0-unique_add", "csharp-hashset_stack_queue_linkedlist\0-unique_add\0-unique_add.csproj", "{9269C35C-D5A1-4E43-BF63-B1A92C2B6117}"
EndProject
Project("{9A19103F-16F7-4668-BE54-9A1E7A4F7556}") = "1-common_elements", "csharp-hashset_stack_queue_linkedlist\1-common_elements\1-common_elements.csproj", "{256F87C8-6DC8-4CB9-B799-A4B5EB1A791E}"
EndProject
Project("{9A19103F-16F7-4668-BE54-9A1E7A4F7556}") = "10-linkedlist_get_node", "csharp-hashset_stack_queue_linkedlist\10-linkedlist_get_node\10-linkedlist_get_node.csproj", "{FE059880-2EF0-4245-A116-438B84ACB336}"
EndProject
Project("{9A19103F-16F7-4668-BE54-9A1E7A4F7556}") = "11-linkedlist_sum", "csharp-hashset_stack_queue_linkedlist\11-linkedlist_sum\11-linkedlist_sum.csproj", "{7CAF30D8-2297-4B87-89D5-111A33150187}"
EndProject
Project("{9A19103F-16F7-4668-BE54-9A1E7A4F7556}") = "12-linkedlist_insert", "csharp-hashset_stack_queue_linkedlist\12-linkedlist_insert\12-linkedlist_insert.csproj", "{BC70B849-90A6-4279-9820-D6B97BCF08A7}"
EndProject
Project("{9A19103F-16F7-4668-BE54-9A1E7A4F7556}") = "13-linkedlist_delete", "csharp-hashset_stack_queue_linkedlist\13-linkedlist_delete\13-linkedlist_delete.csproj", "{E1751B53-96CF-4231-B136-5D68B7BFDD03}"
EndProject
Project("{9A19103F-16F7-4668-BE54-9A1E7A4F7556}") = "2-different_elements", "csharp-hashset_stack_queue_linkedlist\2-different_elements\2-different_elements.csproj", "{E4147CFE-1FBF-4B8C-B835-383859636531}"
EndProject
Project("{9A19103F-16F7-4668-BE54-9A1E7A4F7556}") = "3-stack_push_pop", "csharp-hashset_stack_queue_linkedlist\3-stack_push_pop\3-stack_push_pop.csproj", "{454BFB41-6F11-4961-B628-8BB3A87B9B92}"
EndProject
Project("{9A19103F-16F7-4668-BE54-9A1E7A4F7556}") = "4-queue_enqueue_dequeue", "csharp-hashset_stack_queue_linkedlist\4-queue_enqueue_dequeue\4-queue_enqueue_dequeue.csproj", "{B41117B5-DDAC-4F57-8CFE-2AF2A198CF68}"
EndProject
Project("{9A19103F-16F7-4668-BE54-9A1E7A4F7556}") = "5-print_linkedlist", "csharp-hashset_stack_queue_linkedlist\5-print_linkedlist\5-print_linkedlist.csproj", "{71D2D900-FDCD-41E2-9C44-E32CED2C8257}"
EndProject
Project("{9A19103F-16F7-4668-BE54-9A1E7A4F7556}") = "6-linkedlist_length", "csharp-hashset_stack_queue_linkedlist\6-linkedlist_length\6-linkedlist_length.csproj", "{73709A29-9405-4AC2-8DAE-7DD6110B9FA3}"
EndProject
Project("{9A19103F-16F7-4668-BE54-9A1E7A4F7556}") = "7-linkedlist_add", "csharp-hashset_stack_queue_linkedlist\7-linkedlist_add\7-linkedlist_add.csproj", "{1D471D39-7AB7-4B47-BA6F-C8ABE6890A29}"
EndProject
Project("{9A19103F-16F7-4668-BE54-9A1E7A4F7556}") = "8-linkedlist_find", "csharp-hashset_stack_queue_linkedlist\8-linkedlist_find\8-linkedlist_find.csproj", "{F2E6B959-71EB-400D-A5AE-E507ADD8526E}"
EndProject
Project("{9A19103F-16F7-4668-BE54-9A1E7A4F7556}") = "9-linkedlist_pop", "csharp-hashset_stack_queue_linkedlist\9-linkedlist_pop\9-linkedlist_pop.csproj", "{98CCC7BD-8837-446F-B108-D216C58A9D8B}"
EndProject
Project("{2150E333-8FDC-42A3-9474-1A3956D46DE8}") = "csharp-hello_world", "csharp-hello_world", "{A35F72E4-E94D-40F1-8BDE-49FB830376BD}"
EndProject
Project("{9A19103F-16F7-4668-BE54-9A1E7A4F7556}") = "0-new_project", "csharp-hello_world\0-new_project\0-new_project.csproj", "{23E82CAB-26FB-4767-89B5-59F983B2A980}"
EndProject
Project("{9A19103F-16F7-4668-BE54-9A1E7A4F7556}") = "1-new_project", "csharp-hello_world\1-new_project\1-new_project.csproj", "{5AC3727F-7395-45DF-8F31-E592DD4D8CD2}"
EndProject
Project("{9A19103F-16F7-4668-BE54-9A1E7A4F7556}") = "10-copy_cut_paste", "csharp-hello_world\10-copy_cut_paste\10-copy_cut_paste.csproj", "{17B29514-11EC-4F3F-AABA-F20C2EA12636}"
EndProject
Project("{9A19103F-16F7-4668-BE54-9A1E7A4F7556}") = "11-concat_edges", "csharp-hello_world\11-concat_edges\11-concat_edges.csproj", "{0A18BF11-196A-4AC6-B655-5C9277D51B28}"
EndProject
Project("{9A19103F-16F7-4668-BE54-9A1E7A4F7556}") = "2-new_project", "csharp-hello_world\2-new_project\2-new_project.csproj", "{FB20263D-CA01-491F-93CE-066EE6C70498}"
EndProject
Project("{9A19103F-16F7-4668-BE54-9A1E7A4F7556}") = "3-writeline", "csharp-hello_world\3-writeline\3-writeline.csproj", "{ACB2310D-60C1-46E5-B19C-130E2223D4A3}"
EndProject
Project("{9A19103F-16F7-4668-BE54-9A1E7A4F7556}") = "4-print_integer", "csharp-hello_world\4-print_integer\4-print_integer.csproj", "{6BB65368-8869-4F51-878F-ADAA87B70224}"
EndProject
Project("{9A19103F-16F7-4668-BE54-9A1E7A4F7556}") = "5-print_float", "csharp-hello_world\5-print_float\5-print_float.csproj", "{A0BE50E3-FC50-46A8-A65C-F474D05A54BF}"
EndProject
Project("{9A19103F-16F7-4668-BE54-9A1E7A4F7556}") = "6-print_string", "csharp-hello_world\6-print_string\6-print_string.csproj", "{17B3B09B-5776-4FAA-B753-C126FABC511A}"
EndProject
Project("{9A19103F-16F7-4668-BE54-9A1E7A4F7556}") = "7-concat", "csharp-hello_world\7-concat\7-concat.csproj", "{B1893010-7C5A-4C86-9A1E-FACCE6C936B0}"
EndProject
Project("{9A19103F-16F7-4668-BE54-9A1E7A4F7556}") = "8-print_variables", "csharp-hello_world\8-print_variables\8-print_variables.csproj", "{CDDC7460-5F43-4282-BE8B-C95EF04B788C}"
EndProject
Project("{9A19103F-16F7-4668-BE54-9A1E7A4F7556}") = "9-print_specifiers", "csharp-hello_world\9-print_specifiers\9-print_specifiers.csproj", "{500D3A8A-B468-476D-A1A7-FDF5AACEE02B}"
EndProject
Project("{2150E333-8FDC-42A3-9474-1A3956D46DE8}") = "csharp-ifelse_loops_methods", "csharp-ifelse_loops_methods", "{6C86C2C5-EE5B-4DED-892E-9E68DB496E92}"
EndProject
Project("{9A19103F-16F7-4668-BE54-9A1E7A4F7556}") = "0-positive_or_negative", "csharp-ifelse_loops_methods\0-positive_or_negative\0-positive_or_negative.csproj", "{3A71742B-F922-4F62-BC3D-E1FE880816AB}"
EndProject
Project("{9A19103F-16F7-4668-BE54-9A1E7A4F7556}") = "1-last_digit", "csharp-ifelse_loops_methods\1-last_digit\1-last_digit.csproj", "{512A8CA1-451D-4C18-9C4C-829566599ADC}"
EndProject
Project("{9A19103F-16F7-4668-BE54-9A1E7A4F7556}") = "10-print_line", "csharp-ifelse_loops_methods\10-print_line\10-print_line.csproj", "{97146FFA-9118-42E3-B7FB-8B85F79B09C9}"
EndProject
Project("{9A19103F-16F7-4668-BE54-9A1E7A4F7556}") = "11-print_diagonal", "csharp-ifelse_loops_methods\11-print_diagonal\11-print_diagonal.csproj", "{13B74524-8374-4431-AF39-2DE9681BA462}"
EndProject
Project("{9A19103F-16F7-4668-BE54-9A1E7A4F7556}") = "12-fizzbuzz", "csharp-ifelse_loops_methods\12-fizzbuzz\12-fizzbuzz.csproj", "{1E657D12-1974-400E-B56E-30A466EAF1A1}"
EndProject
Project("{9A19103F-16F7-4668-BE54-9A1E7A4F7556}") = "2-print_alphabet", "csharp-ifelse_loops_methods\2-print_alphabet\2-print_alphabet.csproj", "{E3530213-82BF-4302-9520-71F2F2C2DA1A}"
EndProject
Project("{9A19103F-16F7-4668-BE54-9A1E7A4F7556}") = "3-print_alphabt", "csharp-ifelse_loops_methods\3-print_alphabt\3-print_alphabt.csproj", "{7DFF8C1E-D016-46BE-A9F6-46C2626E9796}"
EndProject
Project("{9A19103F-16F7-4668-BE54-9A1E7A4F7556}") = "4-print_hexa", "csharp-ifelse_loops_methods\4-print_hexa\4-print_hexa.csproj", "{44F2AA05-0823-4601-A228-E971CC4B65BB}"
EndProject
Project("{9A19103F-16F7-4668-BE54-9A1E7A4F7556}") = "5-print_comb", "csharp-ifelse_loops_methods\5-print_comb\5-print_comb.csproj", "{63D2B2A4-2509-4A10-86B3-AD21E2C5510D}"
EndProject
Project("{9A19103F-16F7-4668-BE54-9A1E7A4F7556}") = "6-print_comb2", "csharp-ifelse_loops_methods\6-print_comb2\6-print_comb2.csproj", "{161985F7-D648-4506-9E02-281313C521AD}"
EndProject
Project("{9A19103F-16F7-4668-BE54-9A1E7A4F7556}") = "7-islower", "csharp-ifelse_loops_methods\7-islower\7-islower.csproj", "{9ABDCFA0-6B0E-418A-9B57-F2A7EF4B86F0}"
EndProject
Project("{9A19103F-16F7-4668-BE54-9A1E7A4F7556}") = "8-print_last_digit", "csharp-ifelse_loops_methods\8-print_last_digit\8-print_last_digit.csproj", "{657ADCC5-700E-49B7-A5C6-A28386C5E82F}"
EndProject
Project("{9A19103F-16F7-4668-BE54-9A1E7A4F7556}") = "9-add", "csharp-ifelse_loops_methods\9-add\9-add.csproj", "{9DE006CD-93A3-48BB-9209-2DEB1B211B3E}"
EndProject
Project("{2150E333-8FDC-42A3-9474-1A3956D46DE8}") = "csharp-structs_enums", "csharp-structs_enums", "{F8C40374-5488-4B52-A9C3-D19D166E2F3E}"
EndProject
Project("{9A19103F-16F7-4668-BE54-9A1E7A4F7556}") = "0-dog", "csharp-structs_enums\0-dog\0-dog.csproj", "{BEBDAD2B-787E-4464-BD12-D13C96A2B3CE}"
EndProject
Project("{9A19103F-16F7-4668-BE54-9A1E7A4F7556}") = "1-dog", "csharp-structs_enums\1-dog\1-dog.csproj", "{B455D258-A844-4C30-AE23-C75B3B7108D3}"
EndProject
Project("{9A19103F-16F7-4668-BE54-9A1E7A4F7556}") = "2-dog", "csharp-structs_enums\2-dog\2-dog.csproj", "{45E1A67E-6230-4A66-A231-83305E5D67D8}"
EndProject
Project("{9A19103F-16F7-4668-BE54-9A1E7A4F7556}") = "3-dog", "csharp-structs_enums\3-dog\3-dog.csproj", "{5CB0E867-5FCA-4336-9F65-F514592F4138}"
EndProject
Global
	GlobalSection(SolutionConfigurationPlatforms) = preSolution
		Debug|Any CPU = Debug|Any CPU
		Release|Any CPU = Release|Any CPU
	EndGlobalSection
	GlobalSection(ProjectConfigurationPlatforms) = postSolution
		{9C5594E2-F1A8-4579-A503-33E3FD8905E3}.Debug|Any CPU.ActiveCfg = Debug|Any CPU
		{9C5594E2-F1A8-4579-A503-33E3FD8905E3}.Debug|Any CPU.Build.0 = Debug|Any CPU
		{9C5594E2-F1A8-4579-A503-33E3FD8905E3}.Release|Any CPU.ActiveCfg = Release|Any CPU
		{9C5594E2-F1A8-4579-A503-33E3FD8905E3}.Release|Any CPU.Build.0 = Release|Any CPU
		{D55C069B-DFB8-468C-819D-953274EDBB5C}.Debug|Any CPU.ActiveCfg = Debug|Any CPU
		{D55C069B-DFB8-468C-819D-953274EDBB5C}.Debug|Any CPU.Build.0 = Debug|Any CPU
		{D55C069B-DFB8-468C-819D-953274EDBB5C}.Release|Any CPU.ActiveCfg = Release|Any CPU
		{D55C069B-DFB8-468C-819D-953274EDBB5C}.Release|Any CPU.Build.0 = Release|Any CPU
		{C3D61EA1-81A1-4C39-BD31-9BD5CD4ABCE0}.Debug|Any CPU.ActiveCfg = Debug|Any CPU
		{C3D61EA1-81A1-4C39-BD31-9BD5CD4ABCE0}.Debug|Any CPU.Build.0 = Debug|Any CPU
		{C3D61EA1-81A1-4C39-BD31-9BD5CD4ABCE0}.Release|Any CPU.ActiveCfg = Release|Any CPU
		{C3D61EA1-81A1-4C39-BD31-9BD5CD4ABCE0}.Release|Any CPU.Build.0 = Release|Any CPU
		{F05B68AB-89C9-4F3C-8B07-A035F9E909E0}.Debug|Any CPU.ActiveCfg = Debug|Any CPU
		{F05B68AB-89C9-4F3C-8B07-A035F9E909E0}.Debug|Any CPU.Build.0 = Debug|Any CPU
		{F05B68AB-89C9-4F3C-8B07-A035F9E909E0}.Release|Any CPU.ActiveCfg = Release|Any CPU
		{F05B68AB-89C9-4F3C-8B07-A035F9E909E0}.Release|Any CPU.Build.0 = Release|Any CPU
		{C5B3C667-25CC-4C83-A2E8-40595CE25A94}.Debug|Any CPU.ActiveCfg = Debug|Any CPU
		{C5B3C667-25CC-4C83-A2E8-40595CE25A94}.Debug|Any CPU.Build.0 = Debug|Any CPU
		{C5B3C667-25CC-4C83-A2E8-40595CE25A94}.Release|Any CPU.ActiveCfg = Release|Any CPU
		{C5B3C667-25CC-4C83-A2E8-40595CE25A94}.Release|Any CPU.Build.0 = Release|Any CPU
		{75E27F65-87CB-4110-9372-55570012174B}.Debug|Any CPU.ActiveCfg = Debug|Any CPU
		{75E27F65-87CB-4110-9372-55570012174B}.Debug|Any CPU.Build.0 = Debug|Any CPU
		{75E27F65-87CB-4110-9372-55570012174B}.Release|Any CPU.ActiveCfg = Release|Any CPU
		{75E27F65-87CB-4110-9372-55570012174B}.Release|Any CPU.Build.0 = Release|Any CPU
		{A24C0135-B66C-4A16-8EA6-C60B26BE8408}.Debug|Any CPU.ActiveCfg = Debug|Any CPU
		{A24C0135-B66C-4A16-8EA6-C60B26BE8408}.Debug|Any CPU.Build.0 = Debug|Any CPU
		{A24C0135-B66C-4A16-8EA6-C60B26BE8408}.Release|Any CPU.ActiveCfg = Release|Any CPU
		{A24C0135-B66C-4A16-8EA6-C60B26BE8408}.Release|Any CPU.Build.0 = Release|Any CPU
		{1B120EEA-1EC1-4040-B65B-C86EDAFE6946}.Debug|Any CPU.ActiveCfg = Debug|Any CPU
		{1B120EEA-1EC1-4040-B65B-C86EDAFE6946}.Debug|Any CPU.Build.0 = Debug|Any CPU
		{1B120EEA-1EC1-4040-B65B-C86EDAFE6946}.Release|Any CPU.ActiveCfg = Release|Any CPU
		{1B120EEA-1EC1-4040-B65B-C86EDAFE6946}.Release|Any CPU.Build.0 = Release|Any CPU
		{7C42880A-4C7B-4821-9E65-7D0394BAC54C}.Debug|Any CPU.ActiveCfg = Debug|Any CPU
		{7C42880A-4C7B-4821-9E65-7D0394BAC54C}.Debug|Any CPU.Build.0 = Debug|Any CPU
		{7C42880A-4C7B-4821-9E65-7D0394BAC54C}.Release|Any CPU.ActiveCfg = Release|Any CPU
		{7C42880A-4C7B-4821-9E65-7D0394BAC54C}.Release|Any CPU.Build.0 = Release|Any CPU
		{1B8F2935-0B82-41AB-9288-F491721DE244}.Debug|Any CPU.ActiveCfg = Debug|Any CPU
		{1B8F2935-0B82-41AB-9288-F491721DE244}.Debug|Any CPU.Build.0 = Debug|Any CPU
		{1B8F2935-0B82-41AB-9288-F491721DE244}.Release|Any CPU.ActiveCfg = Release|Any CPU
		{1B8F2935-0B82-41AB-9288-F491721DE244}.Release|Any CPU.Build.0 = Release|Any CPU
		{5EC937DC-EF9E-43D3-A8F1-D5BDB29D888C}.Debug|Any CPU.ActiveCfg = Debug|Any CPU
		{5EC937DC-EF9E-43D3-A8F1-D5BDB29D888C}.Debug|Any CPU.Build.0 = Debug|Any CPU
		{5EC937DC-EF9E-43D3-A8F1-D5BDB29D888C}.Release|Any CPU.ActiveCfg = Release|Any CPU
		{5EC937DC-EF9E-43D3-A8F1-D5BDB29D888C}.Release|Any CPU.Build.0 = Release|Any CPU
		{DA6B2A06-4F79-4D55-987A-0CB03059B0E4}.Debug|Any CPU.ActiveCfg = Debug|Any CPU
		{DA6B2A06-4F79-4D55-987A-0CB03059B0E4}.Debug|Any CPU.Build.0 = Debug|Any CPU
		{DA6B2A06-4F79-4D55-987A-0CB03059B0E4}.Release|Any CPU.ActiveCfg = Release|Any CPU
		{DA6B2A06-4F79-4D55-987A-0CB03059B0E4}.Release|Any CPU.Build.0 = Release|Any CPU
		{32E2E87C-7825-4320-8334-4A28C140A0D9}.Debug|Any CPU.ActiveCfg = Debug|Any CPU
		{32E2E87C-7825-4320-8334-4A28C140A0D9}.Debug|Any CPU.Build.0 = Debug|Any CPU
		{32E2E87C-7825-4320-8334-4A28C140A0D9}.Release|Any CPU.ActiveCfg = Release|Any CPU
		{32E2E87C-7825-4320-8334-4A28C140A0D9}.Release|Any CPU.Build.0 = Release|Any CPU
		{1ADB6375-5786-4D7A-B43E-C6A5335A1E7B}.Debug|Any CPU.ActiveCfg = Debug|Any CPU
		{1ADB6375-5786-4D7A-B43E-C6A5335A1E7B}.Debug|Any CPU.Build.0 = Debug|Any CPU
		{1ADB6375-5786-4D7A-B43E-C6A5335A1E7B}.Release|Any CPU.ActiveCfg = Release|Any CPU
		{1ADB6375-5786-4D7A-B43E-C6A5335A1E7B}.Release|Any CPU.Build.0 = Release|Any CPU
		{C4C4B516-59AB-46DC-A04A-E8EAA5130761}.Debug|Any CPU.ActiveCfg = Debug|Any CPU
		{C4C4B516-59AB-46DC-A04A-E8EAA5130761}.Debug|Any CPU.Build.0 = Debug|Any CPU
		{C4C4B516-59AB-46DC-A04A-E8EAA5130761}.Release|Any CPU.ActiveCfg = Release|Any CPU
		{C4C4B516-59AB-46DC-A04A-E8EAA5130761}.Release|Any CPU.Build.0 = Release|Any CPU
		{4D9D4BB0-CD15-4120-BE72-F635492A9CC3}.Debug|Any CPU.ActiveCfg = Debug|Any CPU
		{4D9D4BB0-CD15-4120-BE72-F635492A9CC3}.Debug|Any CPU.Build.0 = Debug|Any CPU
		{4D9D4BB0-CD15-4120-BE72-F635492A9CC3}.Release|Any CPU.ActiveCfg = Release|Any CPU
		{4D9D4BB0-CD15-4120-BE72-F635492A9CC3}.Release|Any CPU.Build.0 = Release|Any CPU
		{8A1DF4DB-01F2-4772-93FC-668C680BE04D}.Debug|Any CPU.ActiveCfg = Debug|Any CPU
		{8A1DF4DB-01F2-4772-93FC-668C680BE04D}.Debug|Any CPU.Build.0 = Debug|Any CPU
		{8A1DF4DB-01F2-4772-93FC-668C680BE04D}.Release|Any CPU.ActiveCfg = Release|Any CPU
		{8A1DF4DB-01F2-4772-93FC-668C680BE04D}.Release|Any CPU.Build.0 = Release|Any CPU
		{B1D298FC-AE08-4BC1-AAB1-FB9F2C627F8A}.Debug|Any CPU.ActiveCfg = Debug|Any CPU
		{B1D298FC-AE08-4BC1-AAB1-FB9F2C627F8A}.Debug|Any CPU.Build.0 = Debug|Any CPU
		{B1D298FC-AE08-4BC1-AAB1-FB9F2C627F8A}.Release|Any CPU.ActiveCfg = Release|Any CPU
		{B1D298FC-AE08-4BC1-AAB1-FB9F2C627F8A}.Release|Any CPU.Build.0 = Release|Any CPU
		{D394C91F-F6B3-4C6F-BCA2-3A67B2D90387}.Debug|Any CPU.ActiveCfg = Debug|Any CPU
		{D394C91F-F6B3-4C6F-BCA2-3A67B2D90387}.Debug|Any CPU.Build.0 = Debug|Any CPU
		{D394C91F-F6B3-4C6F-BCA2-3A67B2D90387}.Release|Any CPU.ActiveCfg = Release|Any CPU
		{D394C91F-F6B3-4C6F-BCA2-3A67B2D90387}.Release|Any CPU.Build.0 = Release|Any CPU
		{BEB0DDBA-BD9C-4674-A9F6-1D54E00A5EF3}.Debug|Any CPU.ActiveCfg = Debug|Any CPU
		{BEB0DDBA-BD9C-4674-A9F6-1D54E00A5EF3}.Debug|Any CPU.Build.0 = Debug|Any CPU
		{BEB0DDBA-BD9C-4674-A9F6-1D54E00A5EF3}.Release|Any CPU.ActiveCfg = Release|Any CPU
		{BEB0DDBA-BD9C-4674-A9F6-1D54E00A5EF3}.Release|Any CPU.Build.0 = Release|Any CPU
		{98FDD7D2-AAA3-4235-A2D2-12DF8E763BB5}.Debug|Any CPU.ActiveCfg = Debug|Any CPU
		{98FDD7D2-AAA3-4235-A2D2-12DF8E763BB5}.Debug|Any CPU.Build.0 = Debug|Any CPU
		{98FDD7D2-AAA3-4235-A2D2-12DF8E763BB5}.Release|Any CPU.ActiveCfg = Release|Any CPU
		{98FDD7D2-AAA3-4235-A2D2-12DF8E763BB5}.Release|Any CPU.Build.0 = Release|Any CPU
		{CE39FAA0-F00F-41C0-9F79-F8F15A584EA6}.Debug|Any CPU.ActiveCfg = Debug|Any CPU
		{CE39FAA0-F00F-41C0-9F79-F8F15A584EA6}.Debug|Any CPU.Build.0 = Debug|Any CPU
		{CE39FAA0-F00F-41C0-9F79-F8F15A584EA6}.Release|Any CPU.ActiveCfg = Release|Any CPU
		{CE39FAA0-F00F-41C0-9F79-F8F15A584EA6}.Release|Any CPU.Build.0 = Release|Any CPU
		{ED77C920-FA49-4066-A69B-0501DAD789E2}.Debug|Any CPU.ActiveCfg = Debug|Any CPU
		{ED77C920-FA49-4066-A69B-0501DAD789E2}.Debug|Any CPU.Build.0 = Debug|Any CPU
		{ED77C920-FA49-4066-A69B-0501DAD789E2}.Release|Any CPU.ActiveCfg = Release|Any CPU
		{ED77C920-FA49-4066-A69B-0501DAD789E2}.Release|Any CPU.Build.0 = Release|Any CPU
		{DFBB54B8-33DC-4855-929B-C7C66619F646}.Debug|Any CPU.ActiveCfg = Debug|Any CPU
		{DFBB54B8-33DC-4855-929B-C7C66619F646}.Debug|Any CPU.Build.0 = Debug|Any CPU
		{DFBB54B8-33DC-4855-929B-C7C66619F646}.Release|Any CPU.ActiveCfg = Release|Any CPU
		{DFBB54B8-33DC-4855-929B-C7C66619F646}.Release|Any CPU.Build.0 = Release|Any CPU
		{3B252E71-6D91-44BD-AF26-0FE87F023448}.Debug|Any CPU.ActiveCfg = Debug|Any CPU
		{3B252E71-6D91-44BD-AF26-0FE87F023448}.Debug|Any CPU.Build.0 = Debug|Any CPU
		{3B252E71-6D91-44BD-AF26-0FE87F023448}.Release|Any CPU.ActiveCfg = Release|Any CPU
		{3B252E71-6D91-44BD-AF26-0FE87F023448}.Release|Any CPU.Build.0 = Release|Any CPU
		{B495C932-B47D-434E-819C-2574FAC1116F}.Debug|Any CPU.ActiveCfg = Debug|Any CPU
		{B495C932-B47D-434E-819C-2574FAC1116F}.Debug|Any CPU.Build.0 = Debug|Any CPU
		{B495C932-B47D-434E-819C-2574FAC1116F}.Release|Any CPU.ActiveCfg = Release|Any CPU
		{B495C932-B47D-434E-819C-2574FAC1116F}.Release|Any CPU.Build.0 = Release|Any CPU
		{BA5809FF-A56C-4893-988D-44DA021C6FCD}.Debug|Any CPU.ActiveCfg = Debug|Any CPU
		{BA5809FF-A56C-4893-988D-44DA021C6FCD}.Debug|Any CPU.Build.0 = Debug|Any CPU
		{BA5809FF-A56C-4893-988D-44DA021C6FCD}.Release|Any CPU.ActiveCfg = Release|Any CPU
		{BA5809FF-A56C-4893-988D-44DA021C6FCD}.Release|Any CPU.Build.0 = Release|Any CPU
		{9269C35C-D5A1-4E43-BF63-B1A92C2B6117}.Debug|Any CPU.ActiveCfg = Debug|Any CPU
		{9269C35C-D5A1-4E43-BF63-B1A92C2B6117}.Debug|Any CPU.Build.0 = Debug|Any CPU
		{9269C35C-D5A1-4E43-BF63-B1A92C2B6117}.Release|Any CPU.ActiveCfg = Release|Any CPU
		{9269C35C-D5A1-4E43-BF63-B1A92C2B6117}.Release|Any CPU.Build.0 = Release|Any CPU
		{256F87C8-6DC8-4CB9-B799-A4B5EB1A791E}.Debug|Any CPU.ActiveCfg = Debug|Any CPU
		{256F87C8-6DC8-4CB9-B799-A4B5EB1A791E}.Debug|Any CPU.Build.0 = Debug|Any CPU
		{256F87C8-6DC8-4CB9-B799-A4B5EB1A791E}.Release|Any CPU.ActiveCfg = Release|Any CPU
		{256F87C8-6DC8-4CB9-B799-A4B5EB1A791E}.Release|Any CPU.Build.0 = Release|Any CPU
		{FE059880-2EF0-4245-A116-438B84ACB336}.Debug|Any CPU.ActiveCfg = Debug|Any CPU
		{FE059880-2EF0-4245-A116-438B84ACB336}.Debug|Any CPU.Build.0 = Debug|Any CPU
		{FE059880-2EF0-4245-A116-438B84ACB336}.Release|Any CPU.ActiveCfg = Release|Any CPU
		{FE059880-2EF0-4245-A116-438B84ACB336}.Release|Any CPU.Build.0 = Release|Any CPU
		{7CAF30D8-2297-4B87-89D5-111A33150187}.Debug|Any CPU.ActiveCfg = Debug|Any CPU
		{7CAF30D8-2297-4B87-89D5-111A33150187}.Debug|Any CPU.Build.0 = Debug|Any CPU
		{7CAF30D8-2297-4B87-89D5-111A33150187}.Release|Any CPU.ActiveCfg = Release|Any CPU
		{7CAF30D8-2297-4B87-89D5-111A33150187}.Release|Any CPU.Build.0 = Release|Any CPU
		{BC70B849-90A6-4279-9820-D6B97BCF08A7}.Debug|Any CPU.ActiveCfg = Debug|Any CPU
		{BC70B849-90A6-4279-9820-D6B97BCF08A7}.Debug|Any CPU.Build.0 = Debug|Any CPU
		{BC70B849-90A6-4279-9820-D6B97BCF08A7}.Release|Any CPU.ActiveCfg = Release|Any CPU
		{BC70B849-90A6-4279-9820-D6B97BCF08A7}.Release|Any CPU.Build.0 = Release|Any CPU
		{E1751B53-96CF-4231-B136-5D68B7BFDD03}.Debug|Any CPU.ActiveCfg = Debug|Any CPU
		{E1751B53-96CF-4231-B136-5D68B7BFDD03}.Debug|Any CPU.Build.0 = Debug|Any CPU
		{E1751B53-96CF-4231-B136-5D68B7BFDD03}.Release|Any CPU.ActiveCfg = Release|Any CPU
		{E1751B53-96CF-4231-B136-5D68B7BFDD03}.Release|Any CPU.Build.0 = Release|Any CPU
		{E4147CFE-1FBF-4B8C-B835-383859636531}.Debug|Any CPU.ActiveCfg = Debug|Any CPU
		{E4147CFE-1FBF-4B8C-B835-383859636531}.Debug|Any CPU.Build.0 = Debug|Any CPU
		{E4147CFE-1FBF-4B8C-B835-383859636531}.Release|Any CPU.ActiveCfg = Release|Any CPU
		{E4147CFE-1FBF-4B8C-B835-383859636531}.Release|Any CPU.Build.0 = Release|Any CPU
		{454BFB41-6F11-4961-B628-8BB3A87B9B92}.Debug|Any CPU.ActiveCfg = Debug|Any CPU
		{454BFB41-6F11-4961-B628-8BB3A87B9B92}.Debug|Any CPU.Build.0 = Debug|Any CPU
		{454BFB41-6F11-4961-B628-8BB3A87B9B92}.Release|Any CPU.ActiveCfg = Release|Any CPU
		{454BFB41-6F11-4961-B628-8BB3A87B9B92}.Release|Any CPU.Build.0 = Release|Any CPU
		{B41117B5-DDAC-4F57-8CFE-2AF2A198CF68}.Debug|Any CPU.ActiveCfg = Debug|Any CPU
		{B41117B5-DDAC-4F57-8CFE-2AF2A198CF68}.Debug|Any CPU.Build.0 = Debug|Any CPU
		{B41117B5-DDAC-4F57-8CFE-2AF2A198CF68}.Release|Any CPU.ActiveCfg = Release|Any CPU
		{B41117B5-DDAC-4F57-8CFE-2AF2A198CF68}.Release|Any CPU.Build.0 = Release|Any CPU
		{71D2D900-FDCD-41E2-9C44-E32CED2C8257}.Debug|Any CPU.ActiveCfg = Debug|Any CPU
		{71D2D900-FDCD-41E2-9C44-E32CED2C8257}.Debug|Any CPU.Build.0 = Debug|Any CPU
		{71D2D900-FDCD-41E2-9C44-E32CED2C8257}.Release|Any CPU.ActiveCfg = Release|Any CPU
		{71D2D900-FDCD-41E2-9C44-E32CED2C8257}.Release|Any CPU.Build.0 = Release|Any CPU
		{73709A29-9405-4AC2-8DAE-7DD6110B9FA3}.Debug|Any CPU.ActiveCfg = Debug|Any CPU
		{73709A29-9405-4AC2-8DAE-7DD6110B9FA3}.Debug|Any CPU.Build.0 = Debug|Any CPU
		{73709A29-9405-4AC2-8DAE-7DD6110B9FA3}.Release|Any CPU.ActiveCfg = Release|Any CPU
		{73709A29-9405-4AC2-8DAE-7DD6110B9FA3}.Release|Any CPU.Build.0 = Release|Any CPU
		{1D471D39-7AB7-4B47-BA6F-C8ABE6890A29}.Debug|Any CPU.ActiveCfg = Debug|Any CPU
		{1D471D39-7AB7-4B47-BA6F-C8ABE6890A29}.Debug|Any CPU.Build.0 = Debug|Any CPU
		{1D471D39-7AB7-4B47-BA6F-C8ABE6890A29}.Release|Any CPU.ActiveCfg = Release|Any CPU
		{1D471D39-7AB7-4B47-BA6F-C8ABE6890A29}.Release|Any CPU.Build.0 = Release|Any CPU
		{F2E6B959-71EB-400D-A5AE-E507ADD8526E}.Debug|Any CPU.ActiveCfg = Debug|Any CPU
		{F2E6B959-71EB-400D-A5AE-E507ADD8526E}.Debug|Any CPU.Build.0 = Debug|Any CPU
		{F2E6B959-71EB-400D-A5AE-E507ADD8526E}.Release|Any CPU.ActiveCfg = Release|Any CPU
		{F2E6B959-71EB-400D-A5AE-E507ADD8526E}.Release|Any CPU.Build.0 = Release|Any CPU
		{98CCC7BD-8837-446F-B108-D216C58A9D8B}.Debug|Any CPU.ActiveCfg = Debug|Any CPU
		{98CCC7BD-8837-446F-B108-D216C58A9D8B}.Debug|Any CPU.Build.0 = Debug|Any CPU
		{98CCC7BD-8837-446F-B108-D216C58A9D8B}.Release|Any CPU.ActiveCfg = Release|Any CPU
		{98CCC7BD-8837-446F-B108-D216C58A9D8B}.Release|Any CPU.Build.0 = Release|Any CPU
		{23E82CAB-26FB-4767-89B5-59F983B2A980}.Debug|Any CPU.ActiveCfg = Debug|Any CPU
		{23E82CAB-26FB-4767-89B5-59F983B2A980}.Debug|Any CPU.Build.0 = Debug|Any CPU
		{23E82CAB-26FB-4767-89B5-59F983B2A980}.Release|Any CPU.ActiveCfg = Release|Any CPU
		{23E82CAB-26FB-4767-89B5-59F983B2A980}.Release|Any CPU.Build.0 = Release|Any CPU
		{5AC3727F-7395-45DF-8F31-E592DD4D8CD2}.Debug|Any CPU.ActiveCfg = Debug|Any CPU
		{5AC3727F-7395-45DF-8F31-E592DD4D8CD2}.Debug|Any CPU.Build.0 = Debug|Any CPU
		{5AC3727F-7395-45DF-8F31-E592DD4D8CD2}.Release|Any CPU.ActiveCfg = Release|Any CPU
		{5AC3727F-7395-45DF-8F31-E592DD4D8CD2}.Release|Any CPU.Build.0 = Release|Any CPU
		{17B29514-11EC-4F3F-AABA-F20C2EA12636}.Debug|Any CPU.ActiveCfg = Debug|Any CPU
		{17B29514-11EC-4F3F-AABA-F20C2EA12636}.Debug|Any CPU.Build.0 = Debug|Any CPU
		{17B29514-11EC-4F3F-AABA-F20C2EA12636}.Release|Any CPU.ActiveCfg = Release|Any CPU
		{17B29514-11EC-4F3F-AABA-F20C2EA12636}.Release|Any CPU.Build.0 = Release|Any CPU
		{0A18BF11-196A-4AC6-B655-5C9277D51B28}.Debug|Any CPU.ActiveCfg = Debug|Any CPU
		{0A18BF11-196A-4AC6-B655-5C9277D51B28}.Debug|Any CPU.Build.0 = Debug|Any CPU
		{0A18BF11-196A-4AC6-B655-5C9277D51B28}.Release|Any CPU.ActiveCfg = Release|Any CPU
		{0A18BF11-196A-4AC6-B655-5C9277D51B28}.Release|Any CPU.Build.0 = Release|Any CPU
		{FB20263D-CA01-491F-93CE-066EE6C70498}.Debug|Any CPU.ActiveCfg = Debug|Any CPU
		{FB20263D-CA01-491F-93CE-066EE6C70498}.Debug|Any CPU.Build.0 = Debug|Any CPU
		{FB20263D-CA01-491F-93CE-066EE6C70498}.Release|Any CPU.ActiveCfg = Release|Any CPU
		{FB20263D-CA01-491F-93CE-066EE6C70498}.Release|Any CPU.Build.0 = Release|Any CPU
		{ACB2310D-60C1-46E5-B19C-130E2223D4A3}.Debug|Any CPU.ActiveCfg = Debug|Any CPU
		{ACB2310D-60C1-46E5-B19C-130E2223D4A3}.Debug|Any CPU.Build.0 = Debug|Any CPU
		{ACB2310D-60C1-46E5-B19C-130E2223D4A3}.Release|Any CPU.ActiveCfg = Release|Any CPU
		{ACB2310D-60C1-46E5-B19C-130E2223D4A3}.Release|Any CPU.Build.0 = Release|Any CPU
		{6BB65368-8869-4F51-878F-ADAA87B70224}.Debug|Any CPU.ActiveCfg = Debug|Any CPU
		{6BB65368-8869-4F51-878F-ADAA87B70224}.Debug|Any CPU.Build.0 = Debug|Any CPU
		{6BB65368-8869-4F51-878F-ADAA87B70224}.Release|Any CPU.ActiveCfg = Release|Any CPU
		{6BB65368-8869-4F51-878F-ADAA87B70224}.Release|Any CPU.Build.0 = Release|Any CPU
		{A0BE50E3-FC50-46A8-A65C-F474D05A54BF}.Debug|Any CPU.ActiveCfg = Debug|Any CPU
		{A0BE50E3-FC50-46A8-A65C-F474D05A54BF}.Debug|Any CPU.Build.0 = Debug|Any CPU
		{A0BE50E3-FC50-46A8-A65C-F474D05A54BF}.Release|Any CPU.ActiveCfg = Release|Any CPU
		{A0BE50E3-FC50-46A8-A65C-F474D05A54BF}.Release|Any CPU.Build.0 = Release|Any CPU
		{17B3B09B-5776-4FAA-B753-C126FABC511A}.Debug|Any CPU.ActiveCfg = Debug|Any CPU
		{17B3B09B-5776-4FAA-B753-C126FABC511A}.Debug|Any CPU.Build.0 = Debug|Any CPU
		{17B3B09B-5776-4FAA-B753-C126FABC511A}.Release|Any CPU.ActiveCfg = Release|Any CPU
		{17B3B09B-5776-4FAA-B753-C126FABC511A}.Release|Any CPU.Build.0 = Release|Any CPU
		{B1893010-7C5A-4C86-9A1E-FACCE6C936B0}.Debug|Any CPU.ActiveCfg = Debug|Any CPU
		{B1893010-7C5A-4C86-9A1E-FACCE6C936B0}.Debug|Any CPU.Build.0 = Debug|Any CPU
		{B1893010-7C5A-4C86-9A1E-FACCE6C936B0}.Release|Any CPU.ActiveCfg = Release|Any CPU
		{B1893010-7C5A-4C86-9A1E-FACCE6C936B0}.Release|Any CPU.Build.0 = Release|Any CPU
		{CDDC7460-5F43-4282-BE8B-C95EF04B788C}.Debug|Any CPU.ActiveCfg = Debug|Any CPU
		{CDDC7460-5F43-4282-BE8B-C95EF04B788C}.Debug|Any CPU.Build.0 = Debug|Any CPU
		{CDDC7460-5F43-4282-BE8B-C95EF04B788C}.Release|Any CPU.ActiveCfg = Release|Any CPU
		{CDDC7460-5F43-4282-BE8B-C95EF04B788C}.Release|Any CPU.Build.0 = Release|Any CPU
		{500D3A8A-B468-476D-A1A7-FDF5AACEE02B}.Debug|Any CPU.ActiveCfg = Debug|Any CPU
		{500D3A8A-B468-476D-A1A7-FDF5AACEE02B}.Debug|Any CPU.Build.0 = Debug|Any CPU
		{500D3A8A-B468-476D-A1A7-FDF5AACEE02B}.Release|Any CPU.ActiveCfg = Release|Any CPU
		{500D3A8A-B468-476D-A1A7-FDF5AACEE02B}.Release|Any CPU.Build.0 = Release|Any CPU
		{3A71742B-F922-4F62-BC3D-E1FE880816AB}.Debug|Any CPU.ActiveCfg = Debug|Any CPU
		{3A71742B-F922-4F62-BC3D-E1FE880816AB}.Debug|Any CPU.Build.0 = Debug|Any CPU
		{3A71742B-F922-4F62-BC3D-E1FE880816AB}.Release|Any CPU.ActiveCfg = Release|Any CPU
		{3A71742B-F922-4F62-BC3D-E1FE880816AB}.Release|Any CPU.Build.0 = Release|Any CPU
		{512A8CA1-451D-4C18-9C4C-829566599ADC}.Debug|Any CPU.ActiveCfg = Debug|Any CPU
		{512A8CA1-451D-4C18-9C4C-829566599ADC}.Debug|Any CPU.Build.0 = Debug|Any CPU
		{512A8CA1-451D-4C18-9C4C-829566599ADC}.Release|Any CPU.ActiveCfg = Release|Any CPU
		{512A8CA1-451D-4C18-9C4C-829566599ADC}.Release|Any CPU.Build.0 = Release|Any CPU
		{97146FFA-9118-42E3-B7FB-8B85F79B09C9}.Debug|Any CPU.ActiveCfg = Debug|Any CPU
		{97146FFA-9118-42E3-B7FB-8B85F79B09C9}.Debug|Any CPU.Build.0 = Debug|Any CPU
		{97146FFA-9118-42E3-B7FB-8B85F79B09C9}.Release|Any CPU.ActiveCfg = Release|Any CPU
		{97146FFA-9118-42E3-B7FB-8B85F79B09C9}.Release|Any CPU.Build.0 = Release|Any CPU
		{13B74524-8374-4431-AF39-2DE9681BA462}.Debug|Any CPU.ActiveCfg = Debug|Any CPU
		{13B74524-8374-4431-AF39-2DE9681BA462}.Debug|Any CPU.Build.0 = Debug|Any CPU
		{13B74524-8374-4431-AF39-2DE9681BA462}.Release|Any CPU.ActiveCfg = Release|Any CPU
		{13B74524-8374-4431-AF39-2DE9681BA462}.Release|Any CPU.Build.0 = Release|Any CPU
		{1E657D12-1974-400E-B56E-30A466EAF1A1}.Debug|Any CPU.ActiveCfg = Debug|Any CPU
		{1E657D12-1974-400E-B56E-30A466EAF1A1}.Debug|Any CPU.Build.0 = Debug|Any CPU
		{1E657D12-1974-400E-B56E-30A466EAF1A1}.Release|Any CPU.ActiveCfg = Release|Any CPU
		{1E657D12-1974-400E-B56E-30A466EAF1A1}.Release|Any CPU.Build.0 = Release|Any CPU
		{E3530213-82BF-4302-9520-71F2F2C2DA1A}.Debug|Any CPU.ActiveCfg = Debug|Any CPU
		{E3530213-82BF-4302-9520-71F2F2C2DA1A}.Debug|Any CPU.Build.0 = Debug|Any CPU
		{E3530213-82BF-4302-9520-71F2F2C2DA1A}.Release|Any CPU.ActiveCfg = Release|Any CPU
		{E3530213-82BF-4302-9520-71F2F2C2DA1A}.Release|Any CPU.Build.0 = Release|Any CPU
		{7DFF8C1E-D016-46BE-A9F6-46C2626E9796}.Debug|Any CPU.ActiveCfg = Debug|Any CPU
		{7DFF8C1E-D016-46BE-A9F6-46C2626E9796}.Debug|Any CPU.Build.0 = Debug|Any CPU
		{7DFF8C1E-D016-46BE-A9F6-46C2626E9796}.Release|Any CPU.ActiveCfg = Release|Any CPU
		{7DFF8C1E-D016-46BE-A9F6-46C2626E9796}.Release|Any CPU.Build.0 = Release|Any CPU
		{44F2AA05-0823-4601-A228-E971CC4B65BB}.Debug|Any CPU.ActiveCfg = Debug|Any CPU
		{44F2AA05-0823-4601-A228-E971CC4B65BB}.Debug|Any CPU.Build.0 = Debug|Any CPU
		{44F2AA05-0823-4601-A228-E971CC4B65BB}.Release|Any CPU.ActiveCfg = Release|Any CPU
		{44F2AA05-0823-4601-A228-E971CC4B65BB}.Release|Any CPU.Build.0 = Release|Any CPU
		{63D2B2A4-2509-4A10-86B3-AD21E2C5510D}.Debug|Any CPU.ActiveCfg = Debug|Any CPU
		{63D2B2A4-2509-4A10-86B3-AD21E2C5510D}.Debug|Any CPU.Build.0 = Debug|Any CPU
		{63D2B2A4-2509-4A10-86B3-AD21E2C5510D}.Release|Any CPU.ActiveCfg = Release|Any CPU
		{63D2B2A4-2509-4A10-86B3-AD21E2C5510D}.Release|Any CPU.Build.0 = Release|Any CPU
		{161985F7-D648-4506-9E02-281313C521AD}.Debug|Any CPU.ActiveCfg = Debug|Any CPU
		{161985F7-D648-4506-9E02-281313C521AD}.Debug|Any CPU.Build.0 = Debug|Any CPU
		{161985F7-D648-4506-9E02-281313C521AD}.Release|Any CPU.ActiveCfg = Release|Any CPU
		{161985F7-D648-4506-9E02-281313C521AD}.Release|Any CPU.Build.0 = Release|Any CPU
		{9ABDCFA0-6B0E-418A-9B57-F2A7EF4B86F0}.Debug|Any CPU.ActiveCfg = Debug|Any CPU
		{9ABDCFA0-6B0E-418A-9B57-F2A7EF4B86F0}.Debug|Any CPU.Build.0 = Debug|Any CPU
		{9ABDCFA0-6B0E-418A-9B57-F2A7EF4B86F0}.Release|Any CPU.ActiveCfg = Release|Any CPU
		{9ABDCFA0-6B0E-418A-9B57-F2A7EF4B86F0}.Release|Any CPU.Build.0 = Release|Any CPU
		{657ADCC5-700E-49B7-A5C6-A28386C5E82F}.Debug|Any CPU.ActiveCfg = Debug|Any CPU
		{657ADCC5-700E-49B7-A5C6-A28386C5E82F}.Debug|Any CPU.Build.0 = Debug|Any CPU
		{657ADCC5-700E-49B7-A5C6-A28386C5E82F}.Release|Any CPU.ActiveCfg = Release|Any CPU
		{657ADCC5-700E-49B7-A5C6-A28386C5E82F}.Release|Any CPU.Build.0 = Release|Any CPU
		{9DE006CD-93A3-48BB-9209-2DEB1B211B3E}.Debug|Any CPU.ActiveCfg = Debug|Any CPU
		{9DE006CD-93A3-48BB-9209-2DEB1B211B3E}.Debug|Any CPU.Build.0 = Debug|Any CPU
		{9DE006CD-93A3-48BB-9209-2DEB1B211B3E}.Release|Any CPU.ActiveCfg = Release|Any CPU
		{9DE006CD-93A3-48BB-9209-2DEB1B211B3E}.Release|Any CPU.Build.0 = Release|Any CPU
		{BEBDAD2B-787E-4464-BD12-D13C96A2B3CE}.Debug|Any CPU.ActiveCfg = Debug|Any CPU
		{BEBDAD2B-787E-4464-BD12-D13C96A2B3CE}.Debug|Any CPU.Build.0 = Debug|Any CPU
		{BEBDAD2B-787E-4464-BD12-D13C96A2B3CE}.Release|Any CPU.ActiveCfg = Release|Any CPU
		{BEBDAD2B-787E-4464-BD12-D13C96A2B3CE}.Release|Any CPU.Build.0 = Release|Any CPU
		{B455D258-A844-4C30-AE23-C75B3B7108D3}.Debug|Any CPU.ActiveCfg = Debug|Any CPU
		{B455D258-A844-4C30-AE23-C75B3B7108D3}.Debug|Any CPU.Build.0 = Debug|Any CPU
		{B455D258-A844-4C30-AE23-C75B3B7108D3}.Release|Any CPU.ActiveCfg = Release|Any CPU
		{B455D258-A844-4C30-AE23-C75B3B7108D3}.Release|Any CPU.Build.0 = Release|Any CPU
		{45E1A67E-6230-4A66-A231-83305E5D67D8}.Debug|Any CPU.ActiveCfg = Debug|Any CPU
		{45E1A67E-6230-4A66-A231-83305E5D67D8}.Debug|Any CPU.Build.0 = Debug|Any CPU
		{45E1A67E-6230-4A66-A231-83305E5D67D8}.Release|Any CPU.ActiveCfg = Release|Any CPU
		{45E1A67E-6230-4A66-A231-83305E5D67D8}.Release|Any CPU.Build.0 = Release|Any CPU
		{5CB0E867-5FCA-4336-9F65-F514592F4138}.Debug|Any CPU.ActiveCfg = Debug|Any CPU
		{5CB0E867-5FCA-4336-9F65-F514592F4138}.Debug|Any CPU.Build.0 = Debug|Any CPU
		{5CB0E867-5FCA-4336-9F65-F514592F4138}.Release|Any CPU.ActiveCfg = Release|Any CPU
		{5CB0E867-5FCA-4336-9F65-F514592F4138}.Release|Any CPU.Build.0 = Release|Any CPU
	EndGlobalSection
	GlobalSection(SolutionProperties) = preSolution
		HideSolutionNode = FALSE
	EndGlobalSection
	GlobalSection(NestedProjects) = preSolution
		{9C5594E2-F1A8-4579-A503-33E3FD8905E3} = {19D2611E-AA62-43BA-8CC5-9C4616299F88}
		{D55C069B-DFB8-468C-819D-953274EDBB5C} = {19D2611E-AA62-43BA-8CC5-9C4616299F88}
		{C3D61EA1-81A1-4C39-BD31-9BD5CD4ABCE0} = {19D2611E-AA62-43BA-8CC5-9C4616299F88}
		{F05B68AB-89C9-4F3C-8B07-A035F9E909E0} = {19D2611E-AA62-43BA-8CC5-9C4616299F88}
		{C5B3C667-25CC-4C83-A2E8-40595CE25A94} = {19D2611E-AA62-43BA-8CC5-9C4616299F88}
		{75E27F65-87CB-4110-9372-55570012174B} = {19D2611E-AA62-43BA-8CC5-9C4616299F88}
		{A24C0135-B66C-4A16-8EA6-C60B26BE8408} = {19D2611E-AA62-43BA-8CC5-9C4616299F88}
		{1B120EEA-1EC1-4040-B65B-C86EDAFE6946} = {19D2611E-AA62-43BA-8CC5-9C4616299F88}
		{7C42880A-4C7B-4821-9E65-7D0394BAC54C} = {19D2611E-AA62-43BA-8CC5-9C4616299F88}
		{1B8F2935-0B82-41AB-9288-F491721DE244} = {19D2611E-AA62-43BA-8CC5-9C4616299F88}
		{5EC937DC-EF9E-43D3-A8F1-D5BDB29D888C} = {19D2611E-AA62-43BA-8CC5-9C4616299F88}
		{DA6B2A06-4F79-4D55-987A-0CB03059B0E4} = {19D2611E-AA62-43BA-8CC5-9C4616299F88}
		{32E2E87C-7825-4320-8334-4A28C140A0D9} = {19D2611E-AA62-43BA-8CC5-9C4616299F88}
		{1ADB6375-5786-4D7A-B43E-C6A5335A1E7B} = {19D2611E-AA62-43BA-8CC5-9C4616299F88}
		{C4C4B516-59AB-46DC-A04A-E8EAA5130761} = {19D2611E-AA62-43BA-8CC5-9C4616299F88}
		{4D9D4BB0-CD15-4120-BE72-F635492A9CC3} = {19D2611E-AA62-43BA-8CC5-9C4616299F88}
		{8A1DF4DB-01F2-4772-93FC-668C680BE04D} = {2E0C547D-A699-48BF-B49F-F61A671CA445}
		{B1D298FC-AE08-4BC1-AAB1-FB9F2C627F8A} = {2E0C547D-A699-48BF-B49F-F61A671CA445}
		{D394C91F-F6B3-4C6F-BCA2-3A67B2D90387} = {2E0C547D-A699-48BF-B49F-F61A671CA445}
		{BEB0DDBA-BD9C-4674-A9F6-1D54E00A5EF3} = {2E0C547D-A699-48BF-B49F-F61A671CA445}
		{98FDD7D2-AAA3-4235-A2D2-12DF8E763BB5} = {2E0C547D-A699-48BF-B49F-F61A671CA445}
		{CE39FAA0-F00F-41C0-9F79-F8F15A584EA6} = {2E0C547D-A699-48BF-B49F-F61A671CA445}
		{ED77C920-FA49-4066-A69B-0501DAD789E2} = {CE1C6046-255B-4897-9D64-2F93365F6A03}
		{DFBB54B8-33DC-4855-929B-C7C66619F646} = {CE1C6046-255B-4897-9D64-2F93365F6A03}
		{3B252E71-6D91-44BD-AF26-0FE87F023448} = {CE1C6046-255B-4897-9D64-2F93365F6A03}
		{B495C932-B47D-434E-819C-2574FAC1116F} = {CE1C6046-255B-4897-9D64-2F93365F6A03}
		{BA5809FF-A56C-4893-988D-44DA021C6FCD} = {CE1C6046-255B-4897-9D64-2F93365F6A03}
		{9269C35C-D5A1-4E43-BF63-B1A92C2B6117} = {CDD4213A-384D-44ED-AD5A-D97783D6B40D}
		{256F87C8-6DC8-4CB9-B799-A4B5EB1A791E} = {CDD4213A-384D-44ED-AD5A-D97783D6B40D}
		{FE059880-2EF0-4245-A116-438B84ACB336} = {CDD4213A-384D-44ED-AD5A-D97783D6B40D}
		{7CAF30D8-2297-4B87-89D5-111A33150187} = {CDD4213A-384D-44ED-AD5A-D97783D6B40D}
		{BC70B849-90A6-4279-9820-D6B97BCF08A7} = {CDD4213A-384D-44ED-AD5A-D97783D6B40D}
		{E1751B53-96CF-4231-B136-5D68B7BFDD03} = {CDD4213A-384D-44ED-AD5A-D97783D6B40D}
		{E4147CFE-1FBF-4B8C-B835-383859636531} = {CDD4213A-384D-44ED-AD5A-D97783D6B40D}
		{454BFB41-6F11-4961-B628-8BB3A87B9B92} = {CDD4213A-384D-44ED-AD5A-D97783D6B40D}
		{B41117B5-DDAC-4F57-8CFE-2AF2A198CF68} = {CDD4213A-384D-44ED-AD5A-D97783D6B40D}
		{71D2D900-FDCD-41E2-9C44-E32CED2C8257} = {CDD4213A-384D-44ED-AD5A-D97783D6B40D}
		{73709A29-9405-4AC2-8DAE-7DD6110B9FA3} = {CDD4213A-384D-44ED-AD5A-D97783D6B40D}
		{1D471D39-7AB7-4B47-BA6F-C8ABE6890A29} = {CDD4213A-384D-44ED-AD5A-D97783D6B40D}
		{F2E6B959-71EB-400D-A5AE-E507ADD8526E} = {CDD4213A-384D-44ED-AD5A-D97783D6B40D}
		{98CCC7BD-8837-446F-B108-D216C58A9D8B} = {CDD4213A-384D-44ED-AD5A-D97783D6B40D}
		{23E82CAB-26FB-4767-89B5-59F983B2A980} = {A35F72E4-E94D-40F1-8BDE-49FB830376BD}
		{5AC3727F-7395-45DF-8F31-E592DD4D8CD2} = {A35F72E4-E94D-40F1-8BDE-49FB830376BD}
		{17B29514-11EC-4F3F-AABA-F20C2EA12636} = {A35F72E4-E94D-40F1-8BDE-49FB830376BD}
		{0A18BF11-196A-4AC6-B655-5C9277D51B28} = {A35F72E4-E94D-40F1-8BDE-49FB830376BD}
		{FB20263D-CA01-491F-93CE-066EE6C70498} = {A35F72E4-E94D-40F1-8BDE-49FB830376BD}
		{ACB2310D-60C1-46E5-B19C-130E2223D4A3} = {A35F72E4-E94D-40F1-8BDE-49FB830376BD}
		{6BB65368-8869-4F51-878F-ADAA87B70224} = {A35F72E4-E94D-40F1-8BDE-49FB830376BD}
		{A0BE50E3-FC50-46A8-A65C-F474D05A54BF} = {A35F72E4-E94D-40F1-8BDE-49FB830376BD}
		{17B3B09B-5776-4FAA-B753-C126FABC511A} = {A35F72E4-E94D-40F1-8BDE-49FB830376BD}
		{B1893010-7C5A-4C86-9A1E-FACCE6C936B0} = {A35F72E4-E94D-40F1-8BDE-49FB830376BD}
		{CDDC7460-5F43-4282-BE8B-C95EF04B788C} = {A35F72E4-E94D-40F1-8BDE-49FB830376BD}
		{500D3A8A-B468-476D-A1A7-FDF5AACEE02B} = {A35F72E4-E94D-40F1-8BDE-49FB830376BD}
		{3A71742B-F922-4F62-BC3D-E1FE880816AB} = {6C86C2C5-EE5B-4DED-892E-9E68DB496E92}
		{512A8CA1-451D-4C18-9C4C-829566599ADC} = {6C86C2C5-EE5B-4DED-892E-9E68DB496E92}
		{97146FFA-9118-42E3-B7FB-8B85F79B09C9} = {6C86C2C5-EE5B-4DED-892E-9E68DB496E92}
		{13B74524-8374-4431-AF39-2DE9681BA462} = {6C86C2C5-EE5B-4DED-892E-9E68DB496E92}
		{1E657D12-1974-400E-B56E-30A466EAF1A1} = {6C86C2C5-EE5B-4DED-892E-9E68DB496E92}
		{E3530213-82BF-4302-9520-71F2F2C2DA1A} = {6C86C2C5-EE5B-4DED-892E-9E68DB496E92}
		{7DFF8C1E-D016-46BE-A9F6-46C2626E9796} = {6C86C2C5-EE5B-4DED-892E-9E68DB496E92}
		{44F2AA05-0823-4601-A228-E971CC4B65BB} = {6C86C2C5-EE5B-4DED-892E-9E68DB496E92}
		{63D2B2A4-2509-4A10-86B3-AD21E2C5510D} = {6C86C2C5-EE5B-4DED-892E-9E68DB496E92}
		{161985F7-D648-4506-9E02-281313C521AD} = {6C86C2C5-EE5B-4DED-892E-9E68DB496E92}
		{9ABDCFA0-6B0E-418A-9B57-F2A7EF4B86F0} = {6C86C2C5-EE5B-4DED-892E-9E68DB496E92}
		{657ADCC5-700E-49B7-A5C6-A28386C5E82F} = {6C86C2C5-EE5B-4DED-892E-9E68DB496E92}
		{9DE006CD-93A3-48BB-9209-2DEB1B211B3E} = {6C86C2C5-EE5B-4DED-892E-9E68DB496E92}
		{BEBDAD2B-787E-4464-BD12-D13C96A2B3CE} = {F8C40374-5488-4B52-A9C3-D19D166E2F3E}
		{B455D258-A844-4C30-AE23-C75B3B7108D3} = {F8C40374-5488-4B52-A9C3-D19D166E2F3E}
		{45E1A67E-6230-4A66-A231-83305E5D67D8} = {F8C40374-5488-4B52-A9C3-D19D166E2F3E}
		{5CB0E867-5FCA-4336-9F65-F514592F4138} = {F8C40374-5488-4B52-A9C3-D19D166E2F3E}
	EndGlobalSection
	GlobalSection(ExtensibilityGlobals) = postSolution
		SolutionGuid = {151F9ACA-2C9C-4C73-8811-3BA06446C699}
	EndGlobalSection
EndGlobal
